// !$*UTF8*$!
{
	archiveVersion = 1;
	classes = {
	};
	objectVersion = 55;
	objects = {

/* Begin PBXBuildFile section */
		8C6306042728D2B6002038FE /* AppDelegate.swift in Sources */ = {isa = PBXBuildFile; fileRef = 8C6306032728D2B6002038FE /* AppDelegate.swift */; };
		8C6306062728D2B6002038FE /* SceneDelegate.swift in Sources */ = {isa = PBXBuildFile; fileRef = 8C6306052728D2B6002038FE /* SceneDelegate.swift */; };
		8C6306082728D2B6002038FE /* ViewController.swift in Sources */ = {isa = PBXBuildFile; fileRef = 8C6306072728D2B6002038FE /* ViewController.swift */; };
		8C63060B2728D2B6002038FE /* Main.storyboard in Resources */ = {isa = PBXBuildFile; fileRef = 8C6306092728D2B6002038FE /* Main.storyboard */; };
		8C63060D2728D2B8002038FE /* Assets.xcassets in Resources */ = {isa = PBXBuildFile; fileRef = 8C63060C2728D2B8002038FE /* Assets.xcassets */; };
		8C6306102728D2B8002038FE /* LaunchScreen.storyboard in Resources */ = {isa = PBXBuildFile; fileRef = 8C63060E2728D2B8002038FE /* LaunchScreen.storyboard */; };
		8C63061B2728D2B8002038FE /* ExampleTests.swift in Sources */ = {isa = PBXBuildFile; fileRef = 8C63061A2728D2B8002038FE /* ExampleTests.swift */; };
		8C6306252728D2B8002038FE /* ExampleUITests.swift in Sources */ = {isa = PBXBuildFile; fileRef = 8C6306242728D2B8002038FE /* ExampleUITests.swift */; };
		8C6306272728D2B8002038FE /* ExampleUITestsLaunchTests.swift in Sources */ = {isa = PBXBuildFile; fileRef = 8C6306262728D2B8002038FE /* ExampleUITestsLaunchTests.swift */; };
		8C6306372728D6AB002038FE /* Canoe in Frameworks */ = {isa = PBXBuildFile; productRef = 8C6306362728D6AB002038FE /* Canoe */; };
		8C63063C27290997002038FE /* SimpleRow.swift in Sources */ = {isa = PBXBuildFile; fileRef = 8C63063B27290997002038FE /* SimpleRow.swift */; };
/* End PBXBuildFile section */

/* Begin PBXContainerItemProxy section */
		8C6306172728D2B8002038FE /* PBXContainerItemProxy */ = {
			isa = PBXContainerItemProxy;
			containerPortal = 8C6305F82728D2B6002038FE /* Project object */;
			proxyType = 1;
			remoteGlobalIDString = 8C6305FF2728D2B6002038FE;
			remoteInfo = Example;
		};
		8C6306212728D2B8002038FE /* PBXContainerItemProxy */ = {
			isa = PBXContainerItemProxy;
			containerPortal = 8C6305F82728D2B6002038FE /* Project object */;
			proxyType = 1;
			remoteGlobalIDString = 8C6305FF2728D2B6002038FE;
			remoteInfo = Example;
		};
/* End PBXContainerItemProxy section */

/* Begin PBXFileReference section */
		8C6306002728D2B6002038FE /* Example.app */ = {isa = PBXFileReference; explicitFileType = wrapper.application; includeInIndex = 0; path = Example.app; sourceTree = BUILT_PRODUCTS_DIR; };
		8C6306032728D2B6002038FE /* AppDelegate.swift */ = {isa = PBXFileReference; lastKnownFileType = sourcecode.swift; path = AppDelegate.swift; sourceTree = "<group>"; };
		8C6306052728D2B6002038FE /* SceneDelegate.swift */ = {isa = PBXFileReference; lastKnownFileType = sourcecode.swift; path = SceneDelegate.swift; sourceTree = "<group>"; };
		8C6306072728D2B6002038FE /* ViewController.swift */ = {isa = PBXFileReference; lastKnownFileType = sourcecode.swift; path = ViewController.swift; sourceTree = "<group>"; };
		8C63060A2728D2B6002038FE /* Base */ = {isa = PBXFileReference; lastKnownFileType = file.storyboard; name = Base; path = Base.lproj/Main.storyboard; sourceTree = "<group>"; };
		8C63060C2728D2B8002038FE /* Assets.xcassets */ = {isa = PBXFileReference; lastKnownFileType = folder.assetcatalog; path = Assets.xcassets; sourceTree = "<group>"; };
		8C63060F2728D2B8002038FE /* Base */ = {isa = PBXFileReference; lastKnownFileType = file.storyboard; name = Base; path = Base.lproj/LaunchScreen.storyboard; sourceTree = "<group>"; };
		8C6306112728D2B8002038FE /* Info.plist */ = {isa = PBXFileReference; lastKnownFileType = text.plist.xml; path = Info.plist; sourceTree = "<group>"; };
		8C6306162728D2B8002038FE /* ExampleTests.xctest */ = {isa = PBXFileReference; explicitFileType = wrapper.cfbundle; includeInIndex = 0; path = ExampleTests.xctest; sourceTree = BUILT_PRODUCTS_DIR; };
		8C63061A2728D2B8002038FE /* ExampleTests.swift */ = {isa = PBXFileReference; lastKnownFileType = sourcecode.swift; path = ExampleTests.swift; sourceTree = "<group>"; };
		8C6306202728D2B8002038FE /* ExampleUITests.xctest */ = {isa = PBXFileReference; explicitFileType = wrapper.cfbundle; includeInIndex = 0; path = ExampleUITests.xctest; sourceTree = BUILT_PRODUCTS_DIR; };
		8C6306242728D2B8002038FE /* ExampleUITests.swift */ = {isa = PBXFileReference; lastKnownFileType = sourcecode.swift; path = ExampleUITests.swift; sourceTree = "<group>"; };
		8C6306262728D2B8002038FE /* ExampleUITestsLaunchTests.swift */ = {isa = PBXFileReference; lastKnownFileType = sourcecode.swift; path = ExampleUITestsLaunchTests.swift; sourceTree = "<group>"; };
		8C6306342728D2C5002038FE /* Canoe */ = {isa = PBXFileReference; lastKnownFileType = folder; name = Canoe; path = ..; sourceTree = "<group>"; };
		8C63063B27290997002038FE /* SimpleRow.swift */ = {isa = PBXFileReference; lastKnownFileType = sourcecode.swift; path = SimpleRow.swift; sourceTree = "<group>"; };
		DAC7FEC5279927C200D6BAD7 /* Example.entitlements */ = {isa = PBXFileReference; lastKnownFileType = text.plist.entitlements; path = Example.entitlements; sourceTree = "<group>"; };
/* End PBXFileReference section */

/* Begin PBXFrameworksBuildPhase section */
		8C6305FD2728D2B6002038FE /* Frameworks */ = {
			isa = PBXFrameworksBuildPhase;
			buildActionMask = 2147483647;
			files = (
				8C6306372728D6AB002038FE /* Canoe in Frameworks */,
			);
			runOnlyForDeploymentPostprocessing = 0;
		};
		8C6306132728D2B8002038FE /* Frameworks */ = {
			isa = PBXFrameworksBuildPhase;
			buildActionMask = 2147483647;
			files = (
			);
			runOnlyForDeploymentPostprocessing = 0;
		};
		8C63061D2728D2B8002038FE /* Frameworks */ = {
			isa = PBXFrameworksBuildPhase;
			buildActionMask = 2147483647;
			files = (
			);
			runOnlyForDeploymentPostprocessing = 0;
		};
/* End PBXFrameworksBuildPhase section */

/* Begin PBXGroup section */
		8C6305F72728D2B6002038FE = {
			isa = PBXGroup;
			children = (
				8C6306332728D2C5002038FE /* Packages */,
				8C6306022728D2B6002038FE /* Example */,
				8C6306192728D2B8002038FE /* ExampleTests */,
				8C6306232728D2B8002038FE /* ExampleUITests */,
				8C6306012728D2B6002038FE /* Products */,
				8C6306352728D6AB002038FE /* Frameworks */,
			);
			sourceTree = "<group>";
		};
		8C6306012728D2B6002038FE /* Products */ = {
			isa = PBXGroup;
			children = (
				8C6306002728D2B6002038FE /* Example.app */,
				8C6306162728D2B8002038FE /* ExampleTests.xctest */,
				8C6306202728D2B8002038FE /* ExampleUITests.xctest */,
			);
			name = Products;
			sourceTree = "<group>";
		};
		8C6306022728D2B6002038FE /* Example */ = {
			isa = PBXGroup;
			children = (
				DAC7FEC5279927C200D6BAD7 /* Example.entitlements */,
				8C6306382729093F002038FE /* Views */,
				8C6306032728D2B6002038FE /* AppDelegate.swift */,
				8C6306052728D2B6002038FE /* SceneDelegate.swift */,
				8C6306072728D2B6002038FE /* ViewController.swift */,
				8C6306092728D2B6002038FE /* Main.storyboard */,
				8C63060C2728D2B8002038FE /* Assets.xcassets */,
				8C63060E2728D2B8002038FE /* LaunchScreen.storyboard */,
				8C6306112728D2B8002038FE /* Info.plist */,
			);
			path = Example;
			sourceTree = "<group>";
		};
		8C6306192728D2B8002038FE /* ExampleTests */ = {
			isa = PBXGroup;
			children = (
				8C63061A2728D2B8002038FE /* ExampleTests.swift */,
			);
			path = ExampleTests;
			sourceTree = "<group>";
		};
		8C6306232728D2B8002038FE /* ExampleUITests */ = {
			isa = PBXGroup;
			children = (
				8C6306242728D2B8002038FE /* ExampleUITests.swift */,
				8C6306262728D2B8002038FE /* ExampleUITestsLaunchTests.swift */,
			);
			path = ExampleUITests;
			sourceTree = "<group>";
		};
		8C6306332728D2C5002038FE /* Packages */ = {
			isa = PBXGroup;
			children = (
				8C6306342728D2C5002038FE /* Canoe */,
			);
			name = Packages;
			sourceTree = "<group>";
		};
		8C6306352728D6AB002038FE /* Frameworks */ = {
			isa = PBXGroup;
			children = (
			);
			name = Frameworks;
			sourceTree = "<group>";
		};
		8C6306382729093F002038FE /* Views */ = {
			isa = PBXGroup;
			children = (
				8C63063B27290997002038FE /* SimpleRow.swift */,
			);
			path = Views;
			sourceTree = "<group>";
		};
/* End PBXGroup section */

/* Begin PBXNativeTarget section */
		8C6305FF2728D2B6002038FE /* Example */ = {
			isa = PBXNativeTarget;
			buildConfigurationList = 8C63062A2728D2B8002038FE /* Build configuration list for PBXNativeTarget "Example" */;
			buildPhases = (
				8C6305FC2728D2B6002038FE /* Sources */,
				8C6305FD2728D2B6002038FE /* Frameworks */,
				8C6305FE2728D2B6002038FE /* Resources */,
			);
			buildRules = (
			);
			dependencies = (
			);
			name = Example;
			packageProductDependencies = (
				8C6306362728D6AB002038FE /* Canoe */,
			);
			productName = Example;
			productReference = 8C6306002728D2B6002038FE /* Example.app */;
			productType = "com.apple.product-type.application";
		};
		8C6306152728D2B8002038FE /* ExampleTests */ = {
			isa = PBXNativeTarget;
			buildConfigurationList = 8C63062D2728D2B8002038FE /* Build configuration list for PBXNativeTarget "ExampleTests" */;
			buildPhases = (
				8C6306122728D2B8002038FE /* Sources */,
				8C6306132728D2B8002038FE /* Frameworks */,
				8C6306142728D2B8002038FE /* Resources */,
			);
			buildRules = (
			);
			dependencies = (
				8C6306182728D2B8002038FE /* PBXTargetDependency */,
			);
			name = ExampleTests;
			productName = ExampleTests;
			productReference = 8C6306162728D2B8002038FE /* ExampleTests.xctest */;
			productType = "com.apple.product-type.bundle.unit-test";
		};
		8C63061F2728D2B8002038FE /* ExampleUITests */ = {
			isa = PBXNativeTarget;
			buildConfigurationList = 8C6306302728D2B8002038FE /* Build configuration list for PBXNativeTarget "ExampleUITests" */;
			buildPhases = (
				8C63061C2728D2B8002038FE /* Sources */,
				8C63061D2728D2B8002038FE /* Frameworks */,
				8C63061E2728D2B8002038FE /* Resources */,
			);
			buildRules = (
			);
			dependencies = (
				8C6306222728D2B8002038FE /* PBXTargetDependency */,
			);
			name = ExampleUITests;
			productName = ExampleUITests;
			productReference = 8C6306202728D2B8002038FE /* ExampleUITests.xctest */;
			productType = "com.apple.product-type.bundle.ui-testing";
		};
/* End PBXNativeTarget section */

/* Begin PBXProject section */
		8C6305F82728D2B6002038FE /* Project object */ = {
			isa = PBXProject;
			attributes = {
				BuildIndependentTargetsInParallel = 1;
				LastSwiftUpdateCheck = 1300;
				LastUpgradeCheck = 1300;
				TargetAttributes = {
					8C6305FF2728D2B6002038FE = {
						CreatedOnToolsVersion = 13.0;
					};
					8C6306152728D2B8002038FE = {
						CreatedOnToolsVersion = 13.0;
						TestTargetID = 8C6305FF2728D2B6002038FE;
					};
					8C63061F2728D2B8002038FE = {
						CreatedOnToolsVersion = 13.0;
						TestTargetID = 8C6305FF2728D2B6002038FE;
					};
				};
			};
			buildConfigurationList = 8C6305FB2728D2B6002038FE /* Build configuration list for PBXProject "Example" */;
			compatibilityVersion = "Xcode 13.0";
			developmentRegion = en;
			hasScannedForEncodings = 0;
			knownRegions = (
				en,
				Base,
			);
			mainGroup = 8C6305F72728D2B6002038FE;
			productRefGroup = 8C6306012728D2B6002038FE /* Products */;
			projectDirPath = "";
			projectRoot = "";
			targets = (
				8C6305FF2728D2B6002038FE /* Example */,
				8C6306152728D2B8002038FE /* ExampleTests */,
				8C63061F2728D2B8002038FE /* ExampleUITests */,
			);
		};
/* End PBXProject section */

/* Begin PBXResourcesBuildPhase section */
		8C6305FE2728D2B6002038FE /* Resources */ = {
			isa = PBXResourcesBuildPhase;
			buildActionMask = 2147483647;
			files = (
				8C6306102728D2B8002038FE /* LaunchScreen.storyboard in Resources */,
				8C63060D2728D2B8002038FE /* Assets.xcassets in Resources */,
				8C63060B2728D2B6002038FE /* Main.storyboard in Resources */,
			);
			runOnlyForDeploymentPostprocessing = 0;
		};
		8C6306142728D2B8002038FE /* Resources */ = {
			isa = PBXResourcesBuildPhase;
			buildActionMask = 2147483647;
			files = (
			);
			runOnlyForDeploymentPostprocessing = 0;
		};
		8C63061E2728D2B8002038FE /* Resources */ = {
			isa = PBXResourcesBuildPhase;
			buildActionMask = 2147483647;
			files = (
			);
			runOnlyForDeploymentPostprocessing = 0;
		};
/* End PBXResourcesBuildPhase section */

/* Begin PBXSourcesBuildPhase section */
		8C6305FC2728D2B6002038FE /* Sources */ = {
			isa = PBXSourcesBuildPhase;
			buildActionMask = 2147483647;
			files = (
				8C6306082728D2B6002038FE /* ViewController.swift in Sources */,
				8C6306042728D2B6002038FE /* AppDelegate.swift in Sources */,
				8C6306062728D2B6002038FE /* SceneDelegate.swift in Sources */,
				8C63063C27290997002038FE /* SimpleRow.swift in Sources */,
			);
			runOnlyForDeploymentPostprocessing = 0;
		};
		8C6306122728D2B8002038FE /* Sources */ = {
			isa = PBXSourcesBuildPhase;
			buildActionMask = 2147483647;
			files = (
				8C63061B2728D2B8002038FE /* ExampleTests.swift in Sources */,
			);
			runOnlyForDeploymentPostprocessing = 0;
		};
		8C63061C2728D2B8002038FE /* Sources */ = {
			isa = PBXSourcesBuildPhase;
			buildActionMask = 2147483647;
			files = (
				8C6306252728D2B8002038FE /* ExampleUITests.swift in Sources */,
				8C6306272728D2B8002038FE /* ExampleUITestsLaunchTests.swift in Sources */,
			);
			runOnlyForDeploymentPostprocessing = 0;
		};
/* End PBXSourcesBuildPhase section */

/* Begin PBXTargetDependency section */
		8C6306182728D2B8002038FE /* PBXTargetDependency */ = {
			isa = PBXTargetDependency;
			target = 8C6305FF2728D2B6002038FE /* Example */;
			targetProxy = 8C6306172728D2B8002038FE /* PBXContainerItemProxy */;
		};
		8C6306222728D2B8002038FE /* PBXTargetDependency */ = {
			isa = PBXTargetDependency;
			target = 8C6305FF2728D2B6002038FE /* Example */;
			targetProxy = 8C6306212728D2B8002038FE /* PBXContainerItemProxy */;
		};
/* End PBXTargetDependency section */

/* Begin PBXVariantGroup section */
		8C6306092728D2B6002038FE /* Main.storyboard */ = {
			isa = PBXVariantGroup;
			children = (
				8C63060A2728D2B6002038FE /* Base */,
			);
			name = Main.storyboard;
			sourceTree = "<group>";
		};
		8C63060E2728D2B8002038FE /* LaunchScreen.storyboard */ = {
			isa = PBXVariantGroup;
			children = (
				8C63060F2728D2B8002038FE /* Base */,
			);
			name = LaunchScreen.storyboard;
			sourceTree = "<group>";
		};
/* End PBXVariantGroup section */

/* Begin XCBuildConfiguration section */
		8C6306282728D2B8002038FE /* Debug */ = {
			isa = XCBuildConfiguration;
			buildSettings = {
				ALWAYS_SEARCH_USER_PATHS = NO;
				CLANG_ANALYZER_NONNULL = YES;
				CLANG_ANALYZER_NUMBER_OBJECT_CONVERSION = YES_AGGRESSIVE;
				CLANG_CXX_LANGUAGE_STANDARD = "gnu++17";
				CLANG_CXX_LIBRARY = "libc++";
				CLANG_ENABLE_MODULES = YES;
				CLANG_ENABLE_OBJC_ARC = YES;
				CLANG_ENABLE_OBJC_WEAK = YES;
				CLANG_WARN_BLOCK_CAPTURE_AUTORELEASING = YES;
				CLANG_WARN_BOOL_CONVERSION = YES;
				CLANG_WARN_COMMA = YES;
				CLANG_WARN_CONSTANT_CONVERSION = YES;
				CLANG_WARN_DEPRECATED_OBJC_IMPLEMENTATIONS = YES;
				CLANG_WARN_DIRECT_OBJC_ISA_USAGE = YES_ERROR;
				CLANG_WARN_DOCUMENTATION_COMMENTS = YES;
				CLANG_WARN_EMPTY_BODY = YES;
				CLANG_WARN_ENUM_CONVERSION = YES;
				CLANG_WARN_INFINITE_RECURSION = YES;
				CLANG_WARN_INT_CONVERSION = YES;
				CLANG_WARN_NON_LITERAL_NULL_CONVERSION = YES;
				CLANG_WARN_OBJC_IMPLICIT_RETAIN_SELF = YES;
				CLANG_WARN_OBJC_LITERAL_CONVERSION = YES;
				CLANG_WARN_OBJC_ROOT_CLASS = YES_ERROR;
				CLANG_WARN_QUOTED_INCLUDE_IN_FRAMEWORK_HEADER = YES;
				CLANG_WARN_RANGE_LOOP_ANALYSIS = YES;
				CLANG_WARN_STRICT_PROTOTYPES = YES;
				CLANG_WARN_SUSPICIOUS_MOVE = YES;
				CLANG_WARN_UNGUARDED_AVAILABILITY = YES_AGGRESSIVE;
				CLANG_WARN_UNREACHABLE_CODE = YES;
				CLANG_WARN__DUPLICATE_METHOD_MATCH = YES;
				COPY_PHASE_STRIP = NO;
				DEBUG_INFORMATION_FORMAT = dwarf;
				ENABLE_STRICT_OBJC_MSGSEND = YES;
				ENABLE_TESTABILITY = YES;
				GCC_C_LANGUAGE_STANDARD = gnu11;
				GCC_DYNAMIC_NO_PIC = NO;
				GCC_NO_COMMON_BLOCKS = YES;
				GCC_OPTIMIZATION_LEVEL = 0;
				GCC_PREPROCESSOR_DEFINITIONS = (
					"DEBUG=1",
					"$(inherited)",
				);
				GCC_WARN_64_TO_32_BIT_CONVERSION = YES;
				GCC_WARN_ABOUT_RETURN_TYPE = YES_ERROR;
				GCC_WARN_UNDECLARED_SELECTOR = YES;
				GCC_WARN_UNINITIALIZED_AUTOS = YES_AGGRESSIVE;
				GCC_WARN_UNUSED_FUNCTION = YES;
				GCC_WARN_UNUSED_VARIABLE = YES;
				IPHONEOS_DEPLOYMENT_TARGET = 14.0;
				MTL_ENABLE_DEBUG_INFO = INCLUDE_SOURCE;
				MTL_FAST_MATH = YES;
				ONLY_ACTIVE_ARCH = YES;
				SDKROOT = iphoneos;
				SWIFT_ACTIVE_COMPILATION_CONDITIONS = DEBUG;
				SWIFT_OPTIMIZATION_LEVEL = "-Onone";
			};
			name = Debug;
		};
		8C6306292728D2B8002038FE /* Release */ = {
			isa = XCBuildConfiguration;
			buildSettings = {
				ALWAYS_SEARCH_USER_PATHS = NO;
				CLANG_ANALYZER_NONNULL = YES;
				CLANG_ANALYZER_NUMBER_OBJECT_CONVERSION = YES_AGGRESSIVE;
				CLANG_CXX_LANGUAGE_STANDARD = "gnu++17";
				CLANG_CXX_LIBRARY = "libc++";
				CLANG_ENABLE_MODULES = YES;
				CLANG_ENABLE_OBJC_ARC = YES;
				CLANG_ENABLE_OBJC_WEAK = YES;
				CLANG_WARN_BLOCK_CAPTURE_AUTORELEASING = YES;
				CLANG_WARN_BOOL_CONVERSION = YES;
				CLANG_WARN_COMMA = YES;
				CLANG_WARN_CONSTANT_CONVERSION = YES;
				CLANG_WARN_DEPRECATED_OBJC_IMPLEMENTATIONS = YES;
				CLANG_WARN_DIRECT_OBJC_ISA_USAGE = YES_ERROR;
				CLANG_WARN_DOCUMENTATION_COMMENTS = YES;
				CLANG_WARN_EMPTY_BODY = YES;
				CLANG_WARN_ENUM_CONVERSION = YES;
				CLANG_WARN_INFINITE_RECURSION = YES;
				CLANG_WARN_INT_CONVERSION = YES;
				CLANG_WARN_NON_LITERAL_NULL_CONVERSION = YES;
				CLANG_WARN_OBJC_IMPLICIT_RETAIN_SELF = YES;
				CLANG_WARN_OBJC_LITERAL_CONVERSION = YES;
				CLANG_WARN_OBJC_ROOT_CLASS = YES_ERROR;
				CLANG_WARN_QUOTED_INCLUDE_IN_FRAMEWORK_HEADER = YES;
				CLANG_WARN_RANGE_LOOP_ANALYSIS = YES;
				CLANG_WARN_STRICT_PROTOTYPES = YES;
				CLANG_WARN_SUSPICIOUS_MOVE = YES;
				CLANG_WARN_UNGUARDED_AVAILABILITY = YES_AGGRESSIVE;
				CLANG_WARN_UNREACHABLE_CODE = YES;
				CLANG_WARN__DUPLICATE_METHOD_MATCH = YES;
				COPY_PHASE_STRIP = NO;
				DEBUG_INFORMATION_FORMAT = "dwarf-with-dsym";
				ENABLE_NS_ASSERTIONS = NO;
				ENABLE_STRICT_OBJC_MSGSEND = YES;
				GCC_C_LANGUAGE_STANDARD = gnu11;
				GCC_NO_COMMON_BLOCKS = YES;
				GCC_WARN_64_TO_32_BIT_CONVERSION = YES;
				GCC_WARN_ABOUT_RETURN_TYPE = YES_ERROR;
				GCC_WARN_UNDECLARED_SELECTOR = YES;
				GCC_WARN_UNINITIALIZED_AUTOS = YES_AGGRESSIVE;
				GCC_WARN_UNUSED_FUNCTION = YES;
				GCC_WARN_UNUSED_VARIABLE = YES;
				IPHONEOS_DEPLOYMENT_TARGET = 14.0;
				MTL_ENABLE_DEBUG_INFO = NO;
				MTL_FAST_MATH = YES;
				SDKROOT = iphoneos;
				SWIFT_COMPILATION_MODE = wholemodule;
				SWIFT_OPTIMIZATION_LEVEL = "-O";
				VALIDATE_PRODUCT = YES;
			};
			name = Release;
		};
		8C63062B2728D2B8002038FE /* Debug */ = {
			isa = XCBuildConfiguration;
			buildSettings = {
				ASSETCATALOG_COMPILER_APPICON_NAME = AppIcon;
				ASSETCATALOG_COMPILER_GLOBAL_ACCENT_COLOR_NAME = AccentColor;
				CODE_SIGN_ENTITLEMENTS = Example/Example.entitlements;
				CODE_SIGN_STYLE = Automatic;
				CURRENT_PROJECT_VERSION = 1;
				DEVELOPMENT_TEAM = 5P99QDD6WR;
				GENERATE_INFOPLIST_FILE = YES;
				INFOPLIST_FILE = Example/Info.plist;
				INFOPLIST_KEY_UIApplicationSupportsIndirectInputEvents = YES;
				INFOPLIST_KEY_UILaunchStoryboardName = LaunchScreen;
				INFOPLIST_KEY_UIMainStoryboardFile = Main;
				INFOPLIST_KEY_UISupportedInterfaceOrientations_iPad = "UIInterfaceOrientationPortrait UIInterfaceOrientationPortraitUpsideDown UIInterfaceOrientationLandscapeLeft UIInterfaceOrientationLandscapeRight";
				INFOPLIST_KEY_UISupportedInterfaceOrientations_iPhone = "UIInterfaceOrientationPortrait UIInterfaceOrientationLandscapeLeft UIInterfaceOrientationLandscapeRight";
				IPHONEOS_DEPLOYMENT_TARGET = 14.0;
				LD_RUNPATH_SEARCH_PATHS = (
					"$(inherited)",
					"@executable_path/Frameworks",
				);
				MARKETING_VERSION = 1.0;
				PRODUCT_BUNDLE_IDENTIFIER = com.jacobsikorski.Example;
				PRODUCT_NAME = "$(TARGET_NAME)";
				SUPPORTS_MACCATALYST = YES;
				SWIFT_EMIT_LOC_STRINGS = YES;
				SWIFT_VERSION = 5.0;
				TARGETED_DEVICE_FAMILY = "1,2";
			};
			name = Debug;
		};
		8C63062C2728D2B8002038FE /* Release */ = {
			isa = XCBuildConfiguration;
			buildSettings = {
				ASSETCATALOG_COMPILER_APPICON_NAME = AppIcon;
				ASSETCATALOG_COMPILER_GLOBAL_ACCENT_COLOR_NAME = AccentColor;
				CODE_SIGN_ENTITLEMENTS = Example/Example.entitlements;
				CODE_SIGN_STYLE = Automatic;
				CURRENT_PROJECT_VERSION = 1;
				DEVELOPMENT_TEAM = 5P99QDD6WR;
				GENERATE_INFOPLIST_FILE = YES;
				INFOPLIST_FILE = Example/Info.plist;
				INFOPLIST_KEY_UIApplicationSupportsIndirectInputEvents = YES;
				INFOPLIST_KEY_UILaunchStoryboardName = LaunchScreen;
				INFOPLIST_KEY_UIMainStoryboardFile = Main;
				INFOPLIST_KEY_UISupportedInterfaceOrientations_iPad = "UIInterfaceOrientationPortrait UIInterfaceOrientationPortraitUpsideDown UIInterfaceOrientationLandscapeLeft UIInterfaceOrientationLandscapeRight";
				INFOPLIST_KEY_UISupportedInterfaceOrientations_iPhone = "UIInterfaceOrientationPortrait UIInterfaceOrientationLandscapeLeft UIInterfaceOrientationLandscapeRight";
				IPHONEOS_DEPLOYMENT_TARGET = 14.0;
				LD_RUNPATH_SEARCH_PATHS = (
					"$(inherited)",
					"@executable_path/Frameworks",
				);
				MARKETING_VERSION = 1.0;
				PRODUCT_BUNDLE_IDENTIFIER = com.jacobsikorski.Example;
				PRODUCT_NAME = "$(TARGET_NAME)";
				SUPPORTS_MACCATALYST = YES;
				SWIFT_EMIT_LOC_STRINGS = YES;
				SWIFT_VERSION = 5.0;
				TARGETED_DEVICE_FAMILY = "1,2";
			};
			name = Release;
		};
		8C63062E2728D2B8002038FE /* Debug */ = {
			isa = XCBuildConfiguration;
			buildSettings = {
				ALWAYS_EMBED_SWIFT_STANDARD_LIBRARIES = YES;
				BUNDLE_LOADER = "$(TEST_HOST)";
				CODE_SIGN_STYLE = Automatic;
				CURRENT_PROJECT_VERSION = 1;
				DEVELOPMENT_TEAM = 5P99QDD6WR;
				GENERATE_INFOPLIST_FILE = YES;
				IPHONEOS_DEPLOYMENT_TARGET = 15.0;
				LD_RUNPATH_SEARCH_PATHS = (
					"$(inherited)",
					"@executable_path/Frameworks",
					"@loader_path/Frameworks",
				);
				MARKETING_VERSION = 1.0;
				PRODUCT_BUNDLE_IDENTIFIER = com.jacobsikorski.ExampleTests;
				PRODUCT_NAME = "$(TARGET_NAME)";
				SWIFT_EMIT_LOC_STRINGS = NO;
				SWIFT_VERSION = 5.0;
				TARGETED_DEVICE_FAMILY = "1,2";
				TEST_HOST = "$(BUILT_PRODUCTS_DIR)/Example.app/Example";
			};
			name = Debug;
		};
		8C63062F2728D2B8002038FE /* Release */ = {
			isa = XCBuildConfiguration;
			buildSettings = {
				ALWAYS_EMBED_SWIFT_STANDARD_LIBRARIES = YES;
				BUNDLE_LOADER = "$(TEST_HOST)";
				CODE_SIGN_STYLE = Automatic;
				CURRENT_PROJECT_VERSION = 1;
				DEVELOPMENT_TEAM = 5P99QDD6WR;
				GENERATE_INFOPLIST_FILE = YES;
				IPHONEOS_DEPLOYMENT_TARGET = 15.0;
				LD_RUNPATH_SEARCH_PATHS = (
					"$(inherited)",
					"@executable_path/Frameworks",
					"@loader_path/Frameworks",
				);
				MARKETING_VERSION = 1.0;
				PRODUCT_BUNDLE_IDENTIFIER = com.jacobsikorski.ExampleTests;
				PRODUCT_NAME = "$(TARGET_NAME)";
				SWIFT_EMIT_LOC_STRINGS = NO;
				SWIFT_VERSION = 5.0;
				TARGETED_DEVICE_FAMILY = "1,2";
				TEST_HOST = "$(BUILT_PRODUCTS_DIR)/Example.app/Example";
			};
			name = Release;
		};
		8C6306312728D2B8002038FE /* Debug */ = {
			isa = XCBuildConfiguration;
			buildSettings = {
				ALWAYS_EMBED_SWIFT_STANDARD_LIBRARIES = YES;
				CODE_SIGN_STYLE = Automatic;
				CURRENT_PROJECT_VERSION = 1;
				DEVELOPMENT_TEAM = 5P99QDD6WR;
				GENERATE_INFOPLIST_FILE = YES;
				LD_RUNPATH_SEARCH_PATHS = (
					"$(inherited)",
					"@executable_path/Frameworks",
					"@loader_path/Frameworks",
				);
				MARKETING_VERSION = 1.0;
				PRODUCT_BUNDLE_IDENTIFIER = com.jacobsikorski.ExampleUITests;
				PRODUCT_NAME = "$(TARGET_NAME)";
				SWIFT_EMIT_LOC_STRINGS = NO;
				SWIFT_VERSION = 5.0;
				TARGETED_DEVICE_FAMILY = "1,2";
				TEST_TARGET_NAME = Example;
			};
			name = Debug;
		};
		8C6306322728D2B8002038FE /* Release */ = {
			isa = XCBuildConfiguration;
			buildSettings = {
				ALWAYS_EMBED_SWIFT_STANDARD_LIBRARIES = YES;
				CODE_SIGN_STYLE = Automatic;
				CURRENT_PROJECT_VERSION = 1;
				DEVELOPMENT_TEAM = 5P99QDD6WR;
				GENERATE_INFOPLIST_FILE = YES;
				LD_RUNPATH_SEARCH_PATHS = (
					"$(inherited)",
					"@executable_path/Frameworks",
					"@loader_path/Frameworks",
				);
				MARKETING_VERSION = 1.0;
				PRODUCT_BUNDLE_IDENTIFIER = com.jacobsikorski.ExampleUITests;
				PRODUCT_NAME = "$(TARGET_NAME)";
				SWIFT_EMIT_LOC_STRINGS = NO;
				SWIFT_VERSION = 5.0;
				TARGETED_DEVICE_FAMILY = "1,2";
				TEST_TARGET_NAME = Example;
			};
			name = Release;
		};
/* End XCBuildConfiguration section */

/* Begin XCConfigurationList section */
		8C6305FB2728D2B6002038FE /* Build configuration list for PBXProject "Example" */ = {
			isa = XCConfigurationList;
			buildConfigurations = (
				8C6306282728D2B8002038FE /* Debug */,
				8C6306292728D2B8002038FE /* Release */,
			);
			defaultConfigurationIsVisible = 0;
			defaultConfigurationName = Release;
		};
		8C63062A2728D2B8002038FE /* Build configuration list for PBXNativeTarget "Example" */ = {
			isa = XCConfigurationList;
			buildConfigurations = (
				8C63062B2728D2B8002038FE /* Debug */,
				8C63062C2728D2B8002038FE /* Release */,
			);
			defaultConfigurationIsVisible = 0;
			defaultConfigurationName = Release;
		};
		8C63062D2728D2B8002038FE /* Build configuration list for PBXNativeTarget "ExampleTests" */ = {
			isa = XCConfigurationList;
			buildConfigurations = (
				8C63062E2728D2B8002038FE /* Debug */,
				8C63062F2728D2B8002038FE /* Release */,
			);
			defaultConfigurationIsVisible = 0;
			defaultConfigurationName = Release;
		};
		8C6306302728D2B8002038FE /* Build configuration list for PBXNativeTarget "ExampleUITests" */ = {
			isa = XCConfigurationList;
			buildConfigurations = (
				8C6306312728D2B8002038FE /* Debug */,
				8C6306322728D2B8002038FE /* Release */,
			);
			defaultConfigurationIsVisible = 0;
			defaultConfigurationName = Release;
		};
/* End XCConfigurationList section */

/* Begin XCSwiftPackageProductDependency section */
		8C6306362728D6AB002038FE /* Canoe */ = {
			isa = XCSwiftPackageProductDependency;
			productName = Canoe;
		};
/* End XCSwiftPackageProductDependency section */
	};
	rootObject = 8C6305F82728D2B6002038FE /* Project object */;
}
